// !$*UTF8*$!
{
	archiveVersion = 1;
	classes = {
	};
	objectVersion = 50;
	objects = {

/* Begin PBXBuildFile section */
		049E133920C78C910021C2BB /* AppDelegate.m in Sources */ = {isa = PBXBuildFile; fileRef = 049E133820C78C910021C2BB /* AppDelegate.m */; };
		049E133C20C78C910021C2BB /* ViewController.m in Sources */ = {isa = PBXBuildFile; fileRef = 049E133B20C78C910021C2BB /* ViewController.m */; };
		049E133F20C78C910021C2BB /* Main.storyboard in Resources */ = {isa = PBXBuildFile; fileRef = 049E133D20C78C910021C2BB /* Main.storyboard */; };
		049E134120C78C960021C2BB /* Assets.xcassets in Resources */ = {isa = PBXBuildFile; fileRef = 049E134020C78C960021C2BB /* Assets.xcassets */; };
		049E134420C78C960021C2BB /* LaunchScreen.storyboard in Resources */ = {isa = PBXBuildFile; fileRef = 049E134220C78C960021C2BB /* LaunchScreen.storyboard */; };
		049E134720C78C960021C2BB /* main.m in Sources */ = {isa = PBXBuildFile; fileRef = 049E134620C78C960021C2BB /* main.m */; };
		049E135120C78C970021C2BB /* ____Tests.m in Sources */ = {isa = PBXBuildFile; fileRef = 049E135020C78C970021C2BB /* ____Tests.m */; };
		049E135C20C78C970021C2BB /* ____UITests.m in Sources */ = {isa = PBXBuildFile; fileRef = 049E135B20C78C970021C2BB /* ____UITests.m */; };
/* End PBXBuildFile section */

/* Begin PBXContainerItemProxy section */
		049E134D20C78C970021C2BB /* PBXContainerItemProxy */ = {
			isa = PBXContainerItemProxy;
			containerPortal = 049E132C20C78C910021C2BB /* Project object */;
			proxyType = 1;
			remoteGlobalIDString = 049E133320C78C910021C2BB;
			remoteInfo = "ZWWApp";
		};
		049E135820C78C970021C2BB /* PBXContainerItemProxy */ = {
			isa = PBXContainerItemProxy;
			containerPortal = 049E132C20C78C910021C2BB /* Project object */;
			proxyType = 1;
			remoteGlobalIDString = 049E133320C78C910021C2BB;
			remoteInfo = "ZWWApp";
		};
/* End PBXContainerItemProxy section */

/* Begin PBXFileReference section */
		049E133420C78C910021C2BB /* ZWWApp.app */ = {isa = PBXFileReference; explicitFileType = wrapper.application; includeInIndex = 0; path = ZWWApp.app; sourceTree = BUILT_PRODUCTS_DIR; };
		049E133720C78C910021C2BB /* AppDelegate.h */ = {isa = PBXFileReference; lastKnownFileType = sourcecode.c.h; path = AppDelegate.h; sourceTree = "<group>"; };
		049E133820C78C910021C2BB /* AppDelegate.m */ = {isa = PBXFileReference; lastKnownFileType = sourcecode.c.objc; path = AppDelegate.m; sourceTree = "<group>"; };
		049E133A20C78C910021C2BB /* ViewController.h */ = {isa = PBXFileReference; lastKnownFileType = sourcecode.c.h; path = ViewController.h; sourceTree = "<group>"; };
		049E133B20C78C910021C2BB /* ViewController.m */ = {isa = PBXFileReference; lastKnownFileType = sourcecode.c.objc; path = ViewController.m; sourceTree = "<group>"; };
		049E133E20C78C910021C2BB /* Base */ = {isa = PBXFileReference; lastKnownFileType = file.storyboard; name = Base; path = Base.lproj/Main.storyboard; sourceTree = "<group>"; };
		049E134020C78C960021C2BB /* Assets.xcassets */ = {isa = PBXFileReference; lastKnownFileType = folder.assetcatalog; path = Assets.xcassets; sourceTree = "<group>"; };
		049E134320C78C960021C2BB /* Base */ = {isa = PBXFileReference; lastKnownFileType = file.storyboard; name = Base; path = Base.lproj/LaunchScreen.storyboard; sourceTree = "<group>"; };
		049E134520C78C960021C2BB /* Info.plist */ = {isa = PBXFileReference; lastKnownFileType = text.plist.xml; path = Info.plist; sourceTree = "<group>"; };
		049E134620C78C960021C2BB /* main.m */ = {isa = PBXFileReference; lastKnownFileType = sourcecode.c.objc; path = main.m; sourceTree = "<group>"; };
		049E134C20C78C970021C2BB /* ZWWAppTests.xctest */ = {isa = PBXFileReference; explicitFileType = wrapper.cfbundle; includeInIndex = 0; path = ZWWAppTests.xctest; sourceTree = BUILT_PRODUCTS_DIR; };
		049E135020C78C970021C2BB /* ____Tests.m */ = {isa = PBXFileReference; lastKnownFileType = sourcecode.c.objc; path = "____Tests.m"; sourceTree = "<group>"; };
		049E135220C78C970021C2BB /* Info.plist */ = {isa = PBXFileReference; lastKnownFileType = text.plist.xml; path = Info.plist; sourceTree = "<group>"; };
		049E135720C78C970021C2BB /* ZWWAppUITests.xctest */ = {isa = PBXFileReference; explicitFileType = wrapper.cfbundle; includeInIndex = 0; path = ZWWAppUITests.xctest; sourceTree = BUILT_PRODUCTS_DIR; };
		049E135B20C78C970021C2BB /* ____UITests.m */ = {isa = PBXFileReference; lastKnownFileType = sourcecode.c.objc; path = "____UITests.m"; sourceTree = "<group>"; };
		049E135D20C78C970021C2BB /* Info.plist */ = {isa = PBXFileReference; lastKnownFileType = text.plist.xml; path = Info.plist; sourceTree = "<group>"; };
/* End PBXFileReference section */

/* Begin PBXFrameworksBuildPhase section */
		049E133120C78C910021C2BB /* Frameworks */ = {
			isa = PBXFrameworksBuildPhase;
			buildActionMask = 2147483647;
			files = (
			);
			runOnlyForDeploymentPostprocessing = 0;
		};
		049E134920C78C970021C2BB /* Frameworks */ = {
			isa = PBXFrameworksBuildPhase;
			buildActionMask = 2147483647;
			files = (
			);
			runOnlyForDeploymentPostprocessing = 0;
		};
		049E135420C78C970021C2BB /* Frameworks */ = {
			isa = PBXFrameworksBuildPhase;
			buildActionMask = 2147483647;
			files = (
			);
			runOnlyForDeploymentPostprocessing = 0;
		};
/* End PBXFrameworksBuildPhase section */

/* Begin PBXGroup section */
		049E132B20C78C910021C2BB = {
			isa = PBXGroup;
			children = (
				049E133620C78C910021C2BB /* ZWWApp */,
				049E134F20C78C970021C2BB /* ZWWAppTests */,
				049E135A20C78C970021C2BB /* ZWWAppUITests */,
				049E133520C78C910021C2BB /* Products */,
			);
			sourceTree = "<group>";
		};
		049E133520C78C910021C2BB /* Products */ = {
			isa = PBXGroup;
			children = (
				049E133420C78C910021C2BB /* ZWWApp.app */,
				049E134C20C78C970021C2BB /* ZWWAppTests.xctest */,
				049E135720C78C970021C2BB /* ZWWAppUITests.xctest */,
			);
			name = Products;
			sourceTree = "<group>";
		};
		049E133620C78C910021C2BB /* ZWWApp */ = {
			isa = PBXGroup;
			children = (
				049E133720C78C910021C2BB /* AppDelegate.h */,
				049E133820C78C910021C2BB /* AppDelegate.m */,
				049E133A20C78C910021C2BB /* ViewController.h */,
				049E133B20C78C910021C2BB /* ViewController.m */,
				049E133D20C78C910021C2BB /* Main.storyboard */,
				049E134020C78C960021C2BB /* Assets.xcassets */,
				049E134220C78C960021C2BB /* LaunchScreen.storyboard */,
				049E134520C78C960021C2BB /* Info.plist */,
				049E134620C78C960021C2BB /* main.m */,
			);
			path = ZWWApp;
			sourceTree = "<group>";
		};
		049E134F20C78C970021C2BB /* ZWWAppTests */ = {
			isa = PBXGroup;
			children = (
				049E135020C78C970021C2BB /* ____Tests.m */,
				049E135220C78C970021C2BB /* Info.plist */,
			);
			path = ZWWAppTests;
			sourceTree = "<group>";
		};
		049E135A20C78C970021C2BB /* ZWWAppUITests */ = {
			isa = PBXGroup;
			children = (
				049E135B20C78C970021C2BB /* ____UITests.m */,
				049E135D20C78C970021C2BB /* Info.plist */,
			);
			path = ZWWAppUITests;
			sourceTree = "<group>";
		};
/* End PBXGroup section */

/* Begin PBXNativeTarget section */
		049E133320C78C910021C2BB /* ZWWApp */ = {
			isa = PBXNativeTarget;
			buildConfigurationList = 049E136020C78C970021C2BB /* Build configuration list for PBXNativeTarget "ZWWApp" */;
			buildPhases = (
				049E133020C78C910021C2BB /* Sources */,
				049E133120C78C910021C2BB /* Frameworks */,
				049E133220C78C910021C2BB /* Resources */,
			);
			buildRules = (
			);
			dependencies = (
			);
			name = ZWWApp;
			productName = "ZWWApp";
			productReference = 049E133420C78C910021C2BB /* ZWWApp.app */;
			productType = "com.apple.product-type.application";
		};
		049E134B20C78C970021C2BB /* ZWWAppTests */ = {
			isa = PBXNativeTarget;
			buildConfigurationList = 049E136320C78C970021C2BB /* Build configuration list for PBXNativeTarget "ZWWAppTests" */;
			buildPhases = (
				049E134820C78C970021C2BB /* Sources */,
				049E134920C78C970021C2BB /* Frameworks */,
				049E134A20C78C970021C2BB /* Resources */,
			);
			buildRules = (
			);
			dependencies = (
				049E134E20C78C970021C2BB /* PBXTargetDependency */,
			);
			name = ZWWAppTests;
			productName = "ZWWAppTests";
			productReference = 049E134C20C78C970021C2BB /* ZWWAppTests.xctest */;
			productType = "com.apple.product-type.bundle.unit-test";
		};
		049E135620C78C970021C2BB /* ZWWAppUITests */ = {
			isa = PBXNativeTarget;
			buildConfigurationList = 049E136620C78C970021C2BB /* Build configuration list for PBXNativeTarget "ZWWAppUITests" */;
			buildPhases = (
				049E135320C78C970021C2BB /* Sources */,
				049E135420C78C970021C2BB /* Frameworks */,
				049E135520C78C970021C2BB /* Resources */,
			);
			buildRules = (
			);
			dependencies = (
				049E135920C78C970021C2BB /* PBXTargetDependency */,
			);
			name = ZWWAppUITests;
			productName = "ZWWAppUITests";
			productReference = 049E135720C78C970021C2BB /* ZWWAppUITests.xctest */;
			productType = "com.apple.product-type.bundle.ui-testing";
		};
/* End PBXNativeTarget section */

/* Begin PBXProject section */
		049E132C20C78C910021C2BB /* Project object */ = {
			isa = PBXProject;
			attributes = {
				LastUpgradeCheck = 0930;
				ORGANIZATIONNAME = mac;
				TargetAttributes = {
					049E133320C78C910021C2BB = {
						CreatedOnToolsVersion = 9.3;
					};
					049E134B20C78C970021C2BB = {
						CreatedOnToolsVersion = 9.3;
						TestTargetID = 049E133320C78C910021C2BB;
					};
					049E135620C78C970021C2BB = {
						CreatedOnToolsVersion = 9.3;
						TestTargetID = 049E133320C78C910021C2BB;
					};
				};
			};
			buildConfigurationList = 049E132F20C78C910021C2BB /* Build configuration list for PBXProject "ZWWApp" */;
			compatibilityVersion = "Xcode 9.3";
			developmentRegion = en;
			hasScannedForEncodings = 0;
			knownRegions = (
				en,
				Base,
			);
			mainGroup = 049E132B20C78C910021C2BB;
			productRefGroup = 049E133520C78C910021C2BB /* Products */;
			projectDirPath = "";
			projectRoot = "";
			targets = (
				049E133320C78C910021C2BB /* ZWWApp */,
				049E134B20C78C970021C2BB /* ZWWAppTests */,
				049E135620C78C970021C2BB /* ZWWAppUITests */,
			);
		};
/* End PBXProject section */

/* Begin PBXResourcesBuildPhase section */
		049E133220C78C910021C2BB /* Resources */ = {
			isa = PBXResourcesBuildPhase;
			buildActionMask = 2147483647;
			files = (
				049E134420C78C960021C2BB /* LaunchScreen.storyboard in Resources */,
				049E134120C78C960021C2BB /* Assets.xcassets in Resources */,
				049E133F20C78C910021C2BB /* Main.storyboard in Resources */,
			);
			runOnlyForDeploymentPostprocessing = 0;
		};
		049E134A20C78C970021C2BB /* Resources */ = {
			isa = PBXResourcesBuildPhase;
			buildActionMask = 2147483647;
			files = (
			);
			runOnlyForDeploymentPostprocessing = 0;
		};
		049E135520C78C970021C2BB /* Resources */ = {
			isa = PBXResourcesBuildPhase;
			buildActionMask = 2147483647;
			files = (
			);
			runOnlyForDeploymentPostprocessing = 0;
		};
/* End PBXResourcesBuildPhase section */

/* Begin PBXSourcesBuildPhase section */
		049E133020C78C910021C2BB /* Sources */ = {
			isa = PBXSourcesBuildPhase;
			buildActionMask = 2147483647;
			files = (
				049E133C20C78C910021C2BB /* ViewController.m in Sources */,
				049E134720C78C960021C2BB /* main.m in Sources */,
				049E133920C78C910021C2BB /* AppDelegate.m in Sources */,
			);
			runOnlyForDeploymentPostprocessing = 0;
		};
		049E134820C78C970021C2BB /* Sources */ = {
			isa = PBXSourcesBuildPhase;
			buildActionMask = 2147483647;
			files = (
				049E135120C78C970021C2BB /* ____Tests.m in Sources */,
			);
			runOnlyForDeploymentPostprocessing = 0;
		};
		049E135320C78C970021C2BB /* Sources */ = {
			isa = PBXSourcesBuildPhase;
			buildActionMask = 2147483647;
			files = (
				049E135C20C78C970021C2BB /* ____UITests.m in Sources */,
			);
			runOnlyForDeploymentPostprocessing = 0;
		};
/* End PBXSourcesBuildPhase section */

/* Begin PBXTargetDependency section */
		049E134E20C78C970021C2BB /* PBXTargetDependency */ = {
			isa = PBXTargetDependency;
			target = 049E133320C78C910021C2BB /* ZWWApp */;
			targetProxy = 049E134D20C78C970021C2BB /* PBXContainerItemProxy */;
		};
		049E135920C78C970021C2BB /* PBXTargetDependency */ = {
			isa = PBXTargetDependency;
			target = 049E133320C78C910021C2BB /* ZWWApp */;
			targetProxy = 049E135820C78C970021C2BB /* PBXContainerItemProxy */;
		};
/* End PBXTargetDependency section */

/* Begin PBXVariantGroup section */
		049E133D20C78C910021C2BB /* Main.storyboard */ = {
			isa = PBXVariantGroup;
			children = (
				049E133E20C78C910021C2BB /* Base */,
			);
			name = Main.storyboard;
			sourceTree = "<group>";
		};
		049E134220C78C960021C2BB /* LaunchScreen.storyboard */ = {
			isa = PBXVariantGroup;
			children = (
				049E134320C78C960021C2BB /* Base */,
			);
			name = LaunchScreen.storyboard;
			sourceTree = "<group>";
		};
/* End PBXVariantGroup section */

/* Begin XCBuildConfiguration section */
		049E135E20C78C970021C2BB /* Debug */ = {
			isa = XCBuildConfiguration;
			buildSettings = {
				ALWAYS_SEARCH_USER_PATHS = NO;
				CLANG_ANALYZER_NONNULL = YES;
				CLANG_ANALYZER_NUMBER_OBJECT_CONVERSION = YES_AGGRESSIVE;
				CLANG_CXX_LANGUAGE_STANDARD = "gnu++14";
				CLANG_CXX_LIBRARY = "libc++";
				CLANG_ENABLE_MODULES = YES;
				CLANG_ENABLE_OBJC_ARC = YES;
				CLANG_ENABLE_OBJC_WEAK = YES;
				CLANG_WARN_BLOCK_CAPTURE_AUTORELEASING = YES;
				CLANG_WARN_BOOL_CONVERSION = YES;
				CLANG_WARN_COMMA = YES;
				CLANG_WARN_CONSTANT_CONVERSION = YES;
				CLANG_WARN_DEPRECATED_OBJC_IMPLEMENTATIONS = YES;
				CLANG_WARN_DIRECT_OBJC_ISA_USAGE = YES_ERROR;
				CLANG_WARN_DOCUMENTATION_COMMENTS = YES;
				CLANG_WARN_EMPTY_BODY = YES;
				CLANG_WARN_ENUM_CONVERSION = YES;
				CLANG_WARN_INFINITE_RECURSION = YES;
				CLANG_WARN_INT_CONVERSION = YES;
				CLANG_WARN_NON_LITERAL_NULL_CONVERSION = YES;
				CLANG_WARN_OBJC_IMPLICIT_RETAIN_SELF = YES;
				CLANG_WARN_OBJC_LITERAL_CONVERSION = YES;
				CLANG_WARN_OBJC_ROOT_CLASS = YES_ERROR;
				CLANG_WARN_RANGE_LOOP_ANALYSIS = YES;
				CLANG_WARN_STRICT_PROTOTYPES = YES;
				CLANG_WARN_SUSPICIOUS_MOVE = YES;
				CLANG_WARN_UNGUARDED_AVAILABILITY = YES_AGGRESSIVE;
				CLANG_WARN_UNREACHABLE_CODE = YES;
				CLANG_WARN__DUPLICATE_METHOD_MATCH = YES;
				CODE_SIGN_IDENTITY = "iPhone Developer";
				COPY_PHASE_STRIP = NO;
				DEBUG_INFORMATION_FORMAT = dwarf;
				ENABLE_STRICT_OBJC_MSGSEND = YES;
				ENABLE_TESTABILITY = YES;
				GCC_C_LANGUAGE_STANDARD = gnu11;
				GCC_DYNAMIC_NO_PIC = NO;
				GCC_NO_COMMON_BLOCKS = YES;
				GCC_OPTIMIZATION_LEVEL = 0;
				GCC_PREPROCESSOR_DEFINITIONS = (
					"DEBUG=1",
					"$(inherited)",
				);
				GCC_WARN_64_TO_32_BIT_CONVERSION = YES;
				GCC_WARN_ABOUT_RETURN_TYPE = YES_ERROR;
				GCC_WARN_UNDECLARED_SELECTOR = YES;
				GCC_WARN_UNINITIALIZED_AUTOS = YES_AGGRESSIVE;
				GCC_WARN_UNUSED_FUNCTION = YES;
				GCC_WARN_UNUSED_VARIABLE = YES;
				IPHONEOS_DEPLOYMENT_TARGET = 11.3;
				MTL_ENABLE_DEBUG_INFO = YES;
				ONLY_ACTIVE_ARCH = YES;
				SDKROOT = iphoneos;
			};
			name = Debug;
		};
		049E135F20C78C970021C2BB /* Release */ = {
			isa = XCBuildConfiguration;
			buildSettings = {
				ALWAYS_SEARCH_USER_PATHS = NO;
				CLANG_ANALYZER_NONNULL = YES;
				CLANG_ANALYZER_NUMBER_OBJECT_CONVERSION = YES_AGGRESSIVE;
				CLANG_CXX_LANGUAGE_STANDARD = "gnu++14";
				CLANG_CXX_LIBRARY = "libc++";
				CLANG_ENABLE_MODULES = YES;
				CLANG_ENABLE_OBJC_ARC = YES;
				CLANG_ENABLE_OBJC_WEAK = YES;
				CLANG_WARN_BLOCK_CAPTURE_AUTORELEASING = YES;
				CLANG_WARN_BOOL_CONVERSION = YES;
				CLANG_WARN_COMMA = YES;
				CLANG_WARN_CONSTANT_CONVERSION = YES;
				CLANG_WARN_DEPRECATED_OBJC_IMPLEMENTATIONS = YES;
				CLANG_WARN_DIRECT_OBJC_ISA_USAGE = YES_ERROR;
				CLANG_WARN_DOCUMENTATION_COMMENTS = YES;
				CLANG_WARN_EMPTY_BODY = YES;
				CLANG_WARN_ENUM_CONVERSION = YES;
				CLANG_WARN_INFINITE_RECURSION = YES;
				CLANG_WARN_INT_CONVERSION = YES;
				CLANG_WARN_NON_LITERAL_NULL_CONVERSION = YES;
				CLANG_WARN_OBJC_IMPLICIT_RETAIN_SELF = YES;
				CLANG_WARN_OBJC_LITERAL_CONVERSION = YES;
				CLANG_WARN_OBJC_ROOT_CLASS = YES_ERROR;
				CLANG_WARN_RANGE_LOOP_ANALYSIS = YES;
				CLANG_WARN_STRICT_PROTOTYPES = YES;
				CLANG_WARN_SUSPICIOUS_MOVE = YES;
				CLANG_WARN_UNGUARDED_AVAILABILITY = YES_AGGRESSIVE;
				CLANG_WARN_UNREACHABLE_CODE = YES;
				CLANG_WARN__DUPLICATE_METHOD_MATCH = YES;
				CODE_SIGN_IDENTITY = "iPhone Developer";
				COPY_PHASE_STRIP = NO;
				DEBUG_INFORMATION_FORMAT = "dwarf-with-dsym";
				ENABLE_NS_ASSERTIONS = NO;
				ENABLE_STRICT_OBJC_MSGSEND = YES;
				GCC_C_LANGUAGE_STANDARD = gnu11;
				GCC_NO_COMMON_BLOCKS = YES;
				GCC_WARN_64_TO_32_BIT_CONVERSION = YES;
				GCC_WARN_ABOUT_RETURN_TYPE = YES_ERROR;
				GCC_WARN_UNDECLARED_SELECTOR = YES;
				GCC_WARN_UNINITIALIZED_AUTOS = YES_AGGRESSIVE;
				GCC_WARN_UNUSED_FUNCTION = YES;
				GCC_WARN_UNUSED_VARIABLE = YES;
				IPHONEOS_DEPLOYMENT_TARGET = 11.3;
				MTL_ENABLE_DEBUG_INFO = NO;
				SDKROOT = iphoneos;
				VALIDATE_PRODUCT = YES;
			};
			name = Release;
		};
		049E136120C78C970021C2BB /* Debug */ = {
			isa = XCBuildConfiguration;
			buildSettings = {
				ASSETCATALOG_COMPILER_APPICON_NAME = AppIcon;
				CODE_SIGN_STYLE = Automatic;
				INFOPLIST_FILE = "ZWWApp/Info.plist";
				LD_RUNPATH_SEARCH_PATHS = (
					"$(inherited)",
					"@executable_path/Frameworks",
				);
				PRODUCT_BUNDLE_IDENTIFIER = com.zoe.ryhk;
				PRODUCT_NAME = "$(TARGET_NAME)";
				TARGETED_DEVICE_FAMILY = "1,2";
			};
			name = Debug;
		};
		049E136220C78C970021C2BB /* Release */ = {
			isa = XCBuildConfiguration;
			buildSettings = {
				ASSETCATALOG_COMPILER_APPICON_NAME = AppIcon;
				CODE_SIGN_STYLE = Automatic;
				INFOPLIST_FILE = "ZWWApp/Info.plist";
				LD_RUNPATH_SEARCH_PATHS = (
					"$(inherited)",
					"@executable_path/Frameworks",
				);
				PRODUCT_BUNDLE_IDENTIFIER = com.zoe.ryhk;
				PRODUCT_NAME = "$(TARGET_NAME)";
				TARGETED_DEVICE_FAMILY = "1,2";
			};
			name = Release;
		};
		049E136420C78C970021C2BB /* Debug */ = {
			isa = XCBuildConfiguration;
			buildSettings = {
				BUNDLE_LOADER = "$(TEST_HOST)";
				CODE_SIGN_STYLE = Automatic;
				INFOPLIST_FILE = "ZWWAppTests/Info.plist";
				LD_RUNPATH_SEARCH_PATHS = (
					"$(inherited)",
					"@executable_path/Frameworks",
					"@loader_path/Frameworks",
				);
				PRODUCT_BUNDLE_IDENTIFIER = "zoe.----Tests";
				PRODUCT_NAME = "$(TARGET_NAME)";
				TARGETED_DEVICE_FAMILY = "1,2";
				TEST_HOST = "$(BUILT_PRODUCTS_DIR)/ZWWApp.app/ZWWApp";
			};
			name = Debug;
		};
		049E136520C78C970021C2BB /* Release */ = {
			isa = XCBuildConfiguration;
			buildSettings = {
				BUNDLE_LOADER = "$(TEST_HOST)";
				CODE_SIGN_STYLE = Automatic;
				INFOPLIST_FILE = "ZWWAppTests/Info.plist";
				LD_RUNPATH_SEARCH_PATHS = (
					"$(inherited)",
					"@executable_path/Frameworks",
					"@loader_path/Frameworks",
				);
				PRODUCT_BUNDLE_IDENTIFIER = "zoe.----Tests";
				PRODUCT_NAME = "$(TARGET_NAME)";
				TARGETED_DEVICE_FAMILY = "1,2";
				TEST_HOST = "$(BUILT_PRODUCTS_DIR)/ZWWApp.app/ZWWApp";
			};
			name = Release;
		};
		049E136720C78C970021C2BB /* Debug */ = {
			isa = XCBuildConfiguration;
			buildSettings = {
				CODE_SIGN_STYLE = Automatic;
				INFOPLIST_FILE = "ZWWAppUITests/Info.plist";
				LD_RUNPATH_SEARCH_PATHS = (
					"$(inherited)",
					"@executable_path/Frameworks",
					"@loader_path/Frameworks",
				);
				PRODUCT_BUNDLE_IDENTIFIER = "zoe.----UITests";
				PRODUCT_NAME = "$(TARGET_NAME)";
				TARGETED_DEVICE_FAMILY = "1,2";
				TEST_TARGET_NAME = "ZWWApp";
			};
			name = Debug;
		};
		049E136820C78C970021C2BB /* Release */ = {
			isa = XCBuildConfiguration;
			buildSettings = {
				CODE_SIGN_STYLE = Automatic;
				INFOPLIST_FILE = "ZWWAppUITests/Info.plist";
				LD_RUNPATH_SEARCH_PATHS = (
					"$(inherited)",
					"@executable_path/Frameworks",
					"@loader_path/Frameworks",
				);
				PRODUCT_BUNDLE_IDENTIFIER = "zoe.----UITests";
				PRODUCT_NAME = "$(TARGET_NAME)";
				TARGETED_DEVICE_FAMILY = "1,2";
				TEST_TARGET_NAME = "ZWWApp";
			};
			name = Release;
		};
/* End XCBuildConfiguration section */

/* Begin XCConfigurationList section */
		049E132F20C78C910021C2BB /* Build configuration list for PBXProject "ZWWApp" */ = {
			isa = XCConfigurationList;
			buildConfigurations = (
				049E135E20C78C970021C2BB /* Debug */,
				049E135F20C78C970021C2BB /* Release */,
			);
			defaultConfigurationIsVisible = 0;
			defaultConfigurationName = Release;
		};
		049E136020C78C970021C2BB /* Build configuration list for PBXNativeTarget "ZWWApp" */ = {
			isa = XCConfigurationList;
			buildConfigurations = (
				049E136120C78C970021C2BB /* Debug */,
				049E136220C78C970021C2BB /* Release */,
			);
			defaultConfigurationIsVisible = 0;
			defaultConfigurationName = Release;
		};
		049E136320C78C970021C2BB /* Build configuration list for PBXNativeTarget "ZWWAppTests" */ = {
			isa = XCConfigurationList;
			buildConfigurations = (
				049E136420C78C970021C2BB /* Debug */,
				049E136520C78C970021C2BB /* Release */,
			);
			defaultConfigurationIsVisible = 0;
			defaultConfigurationName = Release;
		};
		049E136620C78C970021C2BB /* Build configuration list for PBXNativeTarget "ZWWAppUITests" */ = {
			isa = XCConfigurationList;
			buildConfigurations = (
				049E136720C78C970021C2BB /* Debug */,
				049E136820C78C970021C2BB /* Release */,
			);
			defaultConfigurationIsVisible = 0;
			defaultConfigurationName = Release;
		};
/* End XCConfigurationList section */
	};
	rootObject = 049E132C20C78C910021C2BB /* Project object */;
}
